
Microsoft Visual Studio Solution File, Format Version 12.00
# Visual Studio 15
VisualStudioVersion = 15.0.26430.12
MinimumVisualStudioVersion = 10.0.40219.1
Project("{FAE04EC0-301F-11D3-BF4B-00C04F79EFBC}") = "RollUpApi", "RollUpApi\RollUpApi.csproj", "{C1999DF1-DB51-47EB-B31B-C0B131112EC3}"
EndProject
Project("{FAE04EC0-301F-11D3-BF4B-00C04F79EFBC}") = "VstsConnector", "VstsConnector\VstsConnector.csproj", "{29CAAFE6-52BC-4B39-8549-2124CE383A20}"
EndProject
Global
	GlobalSection(SolutionConfigurationPlatforms) = preSolution
		Debug|Any CPU = Debug|Any CPU
		Release|Any CPU = Release|Any CPU
	EndGlobalSection
	GlobalSection(ProjectConfigurationPlatforms) = postSolution
		{C1999DF1-DB51-47EB-B31B-C0B131112EC3}.Debug|Any CPU.ActiveCfg = Debug|Any CPU
		{C1999DF1-DB51-47EB-B31B-C0B131112EC3}.Debug|Any CPU.Build.0 = Debug|Any CPU
		{C1999DF1-DB51-47EB-B31B-C0B131112EC3}.Release|Any CPU.ActiveCfg = Release|Any CPU
		{C1999DF1-DB51-47EB-B31B-C0B131112EC3}.Release|Any CPU.Build.0 = Release|Any CPU
		{29CAAFE6-52BC-4B39-8549-2124CE383A20}.Debug|Any CPU.ActiveCfg = Debug|Any CPU
		{29CAAFE6-52BC-4B39-8549-2124CE383A20}.Debug|Any CPU.Build.0 = Debug|Any CPU
		{29CAAFE6-52BC-4B39-8549-2124CE383A20}.Release|Any CPU.ActiveCfg = Release|Any CPU
		{29CAAFE6-52BC-4B39-8549-2124CE383A20}.Release|Any CPU.Build.0 = Release|Any CPU
	EndGlobalSection
	GlobalSection(SolutionProperties) = preSolution
		HideSolutionNode = FALSE
	EndGlobalSection
EndGlobal
